
Microsoft Visual Studio Solution File, Format Version 12.00
# Visual Studio Version 16
VisualStudioVersion = 16.0.34031.81
MinimumVisualStudioVersion = 10.0.40219.1
Project("{2150E333-8FDC-42A3-9474-1A3956D46DE8}") = "Task0", "Task0", "{E4AB2555-0DDB-4009-955E-FFB317149962}"
EndProject
Project("{FAE04EC0-301F-11D3-BF4B-00C04F79EFBC}") = "Tyuiu.VolodinaAA.Sprint3.Task0.V27", "Tyuiu.VolodinaAA.Sprint3.Task0.V27\Tyuiu.VolodinaAA.Sprint3.Task0.V27.csproj", "{29065C66-221F-4AB1-BCA9-8C004AE47488}"
EndProject
Project("{FAE04EC0-301F-11D3-BF4B-00C04F79EFBC}") = "Tyuiu.VolodinaAA.Sprint3.Task0.V27.Lib", "Tyuiu.VolodinaAA.Sprint3.Task0.V27.Lib\Tyuiu.VolodinaAA.Sprint3.Task0.V27.Lib.csproj", "{296E8A47-3496-4208-A470-05E055BAF57A}"
EndProject
Project("{FAE04EC0-301F-11D3-BF4B-00C04F79EFBC}") = "Tyuiu.VolodinaAA.Sprint3.Task0.V27.Test", "Tyuiu.VolodinaAA.Sprint3.Task0.V27.Test\Tyuiu.VolodinaAA.Sprint3.Task0.V27.Test.csproj", "{C2BDD8A0-FE1F-47FF-AF46-BF321874EB37}"
EndProject
Project("{2150E333-8FDC-42A3-9474-1A3956D46DE8}") = "Task1", "Task1", "{2355C85A-69F7-4309-9425-9B5A21250EFB}"
EndProject
Project("{FAE04EC0-301F-11D3-BF4B-00C04F79EFBC}") = "Tyuiu.VolodinaAA.Sprint3.Task1.V26", "Tyuiu.VolodinaAA.Sprint3.Task1.V26\Tyuiu.VolodinaAA.Sprint3.Task1.V26.csproj", "{8A4E992A-C4FD-485C-8221-73C583F43AFF}"
EndProject
Project("{FAE04EC0-301F-11D3-BF4B-00C04F79EFBC}") = "Tyuiu.VolodinaAA.Sprint3.Task1.V26.Lib", "Tyuiu.VolodinaAA.Sprint3.Task1.V26.Lib\Tyuiu.VolodinaAA.Sprint3.Task1.V26.Lib.csproj", "{ABBD2FF0-F5BD-430B-ADF0-D84886E4B5B1}"
EndProject
Project("{FAE04EC0-301F-11D3-BF4B-00C04F79EFBC}") = "Tyuiu.VolodinaAA.Sprint3.Task1.V26.Test", "Tyuiu.VolodinaAA.Sprint3.Task1.V26.Test\Tyuiu.VolodinaAA.Sprint3.Task1.V26.Test.csproj", "{93ACE84C-9A35-4226-BA7D-CA71AAE20305}"
EndProject
Project("{2150E333-8FDC-42A3-9474-1A3956D46DE8}") = "Task2", "Task2", "{B883FD64-0BFD-49D2-A44B-21903E25A638}"
EndProject
Project("{FAE04EC0-301F-11D3-BF4B-00C04F79EFBC}") = "Tyuiu.VolodinaAA.Sprint3.Task2.V28", "Tyuiu.VolodinaAA.Sprint3.Task2.V28\Tyuiu.VolodinaAA.Sprint3.Task2.V28.csproj", "{2A34B2AA-2C2D-49F7-A2E9-192212D0DC2F}"
EndProject
Project("{FAE04EC0-301F-11D3-BF4B-00C04F79EFBC}") = "Tyuiu.VolodinaAA.Sprint3.Task2.V28.Lib", "Tyuiu.VolodinaAA.Sprint3.Task2.V28.Lib\Tyuiu.VolodinaAA.Sprint3.Task2.V28.Lib.csproj", "{9000FBD5-1EFA-47F2-B8A6-DE44A7E97F53}"
EndProject
Project("{FAE04EC0-301F-11D3-BF4B-00C04F79EFBC}") = "Tyuiu.VolodinaAA.Sprint3.Task2.V28.Test", "Tyuiu.VolodinaAA.Sprint3.Task2.V28.Test\Tyuiu.VolodinaAA.Sprint3.Task2.V28.Test.csproj", "{448E0C2F-8430-482F-A874-6C322D5CF4B2}"
EndProject
Project("{2150E333-8FDC-42A3-9474-1A3956D46DE8}") = "Task3", "Task3", "{A48E56CE-AD6E-48DA-82F9-C8F6D8917A8D}"
EndProject
Project("{FAE04EC0-301F-11D3-BF4B-00C04F79EFBC}") = "Tyuiu.VolodinaAA.Sprint3.Task3.V17", "Tyuiu.VolodinaAA.Sprint3.Task3.V17\Tyuiu.VolodinaAA.Sprint3.Task3.V17.csproj", "{EC2E7996-32D9-45B8-BD54-4706AA49AD14}"
EndProject
Project("{FAE04EC0-301F-11D3-BF4B-00C04F79EFBC}") = "Tyuiu.VolodinaAA.Sprint3.Task3.V17.Lib", "Tyuiu.VolodinaAA.Sprint3.Task3.V17.Lib\Tyuiu.VolodinaAA.Sprint3.Task3.V17.Lib.csproj", "{D8AE0D20-2742-4B21-85DA-51381B20530F}"
EndProject
Project("{FAE04EC0-301F-11D3-BF4B-00C04F79EFBC}") = "Tyuiu.VolodinaAA.Sprint3.Task3.V17.Test", "Tyuiu.VolodinaAA.Sprint3.Task3.V17.Test\Tyuiu.VolodinaAA.Sprint3.Task3.V17.Test.csproj", "{2EC7BBE7-3D3C-421D-9683-901E3FE26991}"
EndProject
Project("{2150E333-8FDC-42A3-9474-1A3956D46DE8}") = "Task4", "Task4", "{7C9ECEED-A459-48C3-92E0-6668996F9E9D}"
EndProject
Project("{FAE04EC0-301F-11D3-BF4B-00C04F79EFBC}") = "Tyuiu.VolodinaAA.Sprint3.Task4.V2", "Tyuiu.VolodinaAA.Sprint3.Task4.V2\Tyuiu.VolodinaAA.Sprint3.Task4.V2.csproj", "{3E3DE57A-C91F-4B4D-8DF3-AA5C75DAE150}"
EndProject
Project("{FAE04EC0-301F-11D3-BF4B-00C04F79EFBC}") = "Tyuiu.VolodinaAA.Sprint3.Task4.V2.Lib", "Tyuiu.VolodinaAA.Sprint3.Task4.V2.Lib\Tyuiu.VolodinaAA.Sprint3.Task4.V2.Lib.csproj", "{0A89D78D-AF93-4D5A-B00E-4873A037A2B0}"
EndProject
Project("{FAE04EC0-301F-11D3-BF4B-00C04F79EFBC}") = "Tyuiu.VolodinaAA.Sprint3.Task4.V2.Test", "Tyuiu.VolodinaAA.Sprint3.Task4.V2.Test\Tyuiu.VolodinaAA.Sprint3.Task4.V2.Test.csproj", "{6940AB67-2520-4646-85EE-17530C1C80B7}"
EndProject
Global
	GlobalSection(SolutionConfigurationPlatforms) = preSolution
		Debug|Any CPU = Debug|Any CPU
		Release|Any CPU = Release|Any CPU
	EndGlobalSection
	GlobalSection(ProjectConfigurationPlatforms) = postSolution
		{29065C66-221F-4AB1-BCA9-8C004AE47488}.Debug|Any CPU.ActiveCfg = Debug|Any CPU
		{29065C66-221F-4AB1-BCA9-8C004AE47488}.Debug|Any CPU.Build.0 = Debug|Any CPU
		{29065C66-221F-4AB1-BCA9-8C004AE47488}.Release|Any CPU.ActiveCfg = Release|Any CPU
		{29065C66-221F-4AB1-BCA9-8C004AE47488}.Release|Any CPU.Build.0 = Release|Any CPU
		{296E8A47-3496-4208-A470-05E055BAF57A}.Debug|Any CPU.ActiveCfg = Debug|Any CPU
		{296E8A47-3496-4208-A470-05E055BAF57A}.Debug|Any CPU.Build.0 = Debug|Any CPU
		{296E8A47-3496-4208-A470-05E055BAF57A}.Release|Any CPU.ActiveCfg = Release|Any CPU
		{296E8A47-3496-4208-A470-05E055BAF57A}.Release|Any CPU.Build.0 = Release|Any CPU
		{C2BDD8A0-FE1F-47FF-AF46-BF321874EB37}.Debug|Any CPU.ActiveCfg = Debug|Any CPU
		{C2BDD8A0-FE1F-47FF-AF46-BF321874EB37}.Debug|Any CPU.Build.0 = Debug|Any CPU
		{C2BDD8A0-FE1F-47FF-AF46-BF321874EB37}.Release|Any CPU.ActiveCfg = Release|Any CPU
		{C2BDD8A0-FE1F-47FF-AF46-BF321874EB37}.Release|Any CPU.Build.0 = Release|Any CPU
		{8A4E992A-C4FD-485C-8221-73C583F43AFF}.Debug|Any CPU.ActiveCfg = Debug|Any CPU
		{8A4E992A-C4FD-485C-8221-73C583F43AFF}.Debug|Any CPU.Build.0 = Debug|Any CPU
		{8A4E992A-C4FD-485C-8221-73C583F43AFF}.Release|Any CPU.ActiveCfg = Release|Any CPU
		{8A4E992A-C4FD-485C-8221-73C583F43AFF}.Release|Any CPU.Build.0 = Release|Any CPU
		{ABBD2FF0-F5BD-430B-ADF0-D84886E4B5B1}.Debug|Any CPU.ActiveCfg = Debug|Any CPU
		{ABBD2FF0-F5BD-430B-ADF0-D84886E4B5B1}.Debug|Any CPU.Build.0 = Debug|Any CPU
		{ABBD2FF0-F5BD-430B-ADF0-D84886E4B5B1}.Release|Any CPU.ActiveCfg = Release|Any CPU
		{ABBD2FF0-F5BD-430B-ADF0-D84886E4B5B1}.Release|Any CPU.Build.0 = Release|Any CPU
		{93ACE84C-9A35-4226-BA7D-CA71AAE20305}.Debug|Any CPU.ActiveCfg = Debug|Any CPU
		{93ACE84C-9A35-4226-BA7D-CA71AAE20305}.Debug|Any CPU.Build.0 = Debug|Any CPU
		{93ACE84C-9A35-4226-BA7D-CA71AAE20305}.Release|Any CPU.ActiveCfg = Release|Any CPU
		{93ACE84C-9A35-4226-BA7D-CA71AAE20305}.Release|Any CPU.Build.0 = Release|Any CPU
		{2A34B2AA-2C2D-49F7-A2E9-192212D0DC2F}.Debug|Any CPU.ActiveCfg = Debug|Any CPU
		{2A34B2AA-2C2D-49F7-A2E9-192212D0DC2F}.Debug|Any CPU.Build.0 = Debug|Any CPU
		{2A34B2AA-2C2D-49F7-A2E9-192212D0DC2F}.Release|Any CPU.ActiveCfg = Release|Any CPU
		{2A34B2AA-2C2D-49F7-A2E9-192212D0DC2F}.Release|Any CPU.Build.0 = Release|Any CPU
		{9000FBD5-1EFA-47F2-B8A6-DE44A7E97F53}.Debug|Any CPU.ActiveCfg = Debug|Any CPU
		{9000FBD5-1EFA-47F2-B8A6-DE44A7E97F53}.Debug|Any CPU.Build.0 = Debug|Any CPU
		{9000FBD5-1EFA-47F2-B8A6-DE44A7E97F53}.Release|Any CPU.ActiveCfg = Release|Any CPU
		{9000FBD5-1EFA-47F2-B8A6-DE44A7E97F53}.Release|Any CPU.Build.0 = Release|Any CPU
		{448E0C2F-8430-482F-A874-6C322D5CF4B2}.Debug|Any CPU.ActiveCfg = Debug|Any CPU
		{448E0C2F-8430-482F-A874-6C322D5CF4B2}.Debug|Any CPU.Build.0 = Debug|Any CPU
		{448E0C2F-8430-482F-A874-6C322D5CF4B2}.Release|Any CPU.ActiveCfg = Release|Any CPU
		{448E0C2F-8430-482F-A874-6C322D5CF4B2}.Release|Any CPU.Build.0 = Release|Any CPU
		{EC2E7996-32D9-45B8-BD54-4706AA49AD14}.Debug|Any CPU.ActiveCfg = Debug|Any CPU
		{EC2E7996-32D9-45B8-BD54-4706AA49AD14}.Debug|Any CPU.Build.0 = Debug|Any CPU
		{EC2E7996-32D9-45B8-BD54-4706AA49AD14}.Release|Any CPU.ActiveCfg = Release|Any CPU
		{EC2E7996-32D9-45B8-BD54-4706AA49AD14}.Release|Any CPU.Build.0 = Release|Any CPU
		{D8AE0D20-2742-4B21-85DA-51381B20530F}.Debug|Any CPU.ActiveCfg = Debug|Any CPU
		{D8AE0D20-2742-4B21-85DA-51381B20530F}.Debug|Any CPU.Build.0 = Debug|Any CPU
		{D8AE0D20-2742-4B21-85DA-51381B20530F}.Release|Any CPU.ActiveCfg = Release|Any CPU
		{D8AE0D20-2742-4B21-85DA-51381B20530F}.Release|Any CPU.Build.0 = Release|Any CPU
		{2EC7BBE7-3D3C-421D-9683-901E3FE26991}.Debug|Any CPU.ActiveCfg = Debug|Any CPU
		{2EC7BBE7-3D3C-421D-9683-901E3FE26991}.Debug|Any CPU.Build.0 = Debug|Any CPU
		{2EC7BBE7-3D3C-421D-9683-901E3FE26991}.Release|Any CPU.ActiveCfg = Release|Any CPU
		{2EC7BBE7-3D3C-421D-9683-901E3FE26991}.Release|Any CPU.Build.0 = Release|Any CPU
		{3E3DE57A-C91F-4B4D-8DF3-AA5C75DAE150}.Debug|Any CPU.ActiveCfg = Debug|Any CPU
		{3E3DE57A-C91F-4B4D-8DF3-AA5C75DAE150}.Debug|Any CPU.Build.0 = Debug|Any CPU
		{3E3DE57A-C91F-4B4D-8DF3-AA5C75DAE150}.Release|Any CPU.ActiveCfg = Release|Any CPU
		{3E3DE57A-C91F-4B4D-8DF3-AA5C75DAE150}.Release|Any CPU.Build.0 = Release|Any CPU
		{0A89D78D-AF93-4D5A-B00E-4873A037A2B0}.Debug|Any CPU.ActiveCfg = Debug|Any CPU
		{0A89D78D-AF93-4D5A-B00E-4873A037A2B0}.Debug|Any CPU.Build.0 = Debug|Any CPU
		{0A89D78D-AF93-4D5A-B00E-4873A037A2B0}.Release|Any CPU.ActiveCfg = Release|Any CPU
		{0A89D78D-AF93-4D5A-B00E-4873A037A2B0}.Release|Any CPU.Build.0 = Release|Any CPU
		{6940AB67-2520-4646-85EE-17530C1C80B7}.Debug|Any CPU.ActiveCfg = Debug|Any CPU
		{6940AB67-2520-4646-85EE-17530C1C80B7}.Debug|Any CPU.Build.0 = Debug|Any CPU
		{6940AB67-2520-4646-85EE-17530C1C80B7}.Release|Any CPU.ActiveCfg = Release|Any CPU
		{6940AB67-2520-4646-85EE-17530C1C80B7}.Release|Any CPU.Build.0 = Release|Any CPU
	EndGlobalSection
	GlobalSection(SolutionProperties) = preSolution
		HideSolutionNode = FALSE
	EndGlobalSection
	GlobalSection(NestedProjects) = preSolution
		{29065C66-221F-4AB1-BCA9-8C004AE47488} = {E4AB2555-0DDB-4009-955E-FFB317149962}
		{296E8A47-3496-4208-A470-05E055BAF57A} = {E4AB2555-0DDB-4009-955E-FFB317149962}
		{C2BDD8A0-FE1F-47FF-AF46-BF321874EB37} = {E4AB2555-0DDB-4009-955E-FFB317149962}
		{8A4E992A-C4FD-485C-8221-73C583F43AFF} = {2355C85A-69F7-4309-9425-9B5A21250EFB}
		{ABBD2FF0-F5BD-430B-ADF0-D84886E4B5B1} = {2355C85A-69F7-4309-9425-9B5A21250EFB}
		{93ACE84C-9A35-4226-BA7D-CA71AAE20305} = {2355C85A-69F7-4309-9425-9B5A21250EFB}
		{2A34B2AA-2C2D-49F7-A2E9-192212D0DC2F} = {B883FD64-0BFD-49D2-A44B-21903E25A638}
		{9000FBD5-1EFA-47F2-B8A6-DE44A7E97F53} = {B883FD64-0BFD-49D2-A44B-21903E25A638}
		{448E0C2F-8430-482F-A874-6C322D5CF4B2} = {B883FD64-0BFD-49D2-A44B-21903E25A638}
		{EC2E7996-32D9-45B8-BD54-4706AA49AD14} = {A48E56CE-AD6E-48DA-82F9-C8F6D8917A8D}
		{D8AE0D20-2742-4B21-85DA-51381B20530F} = {A48E56CE-AD6E-48DA-82F9-C8F6D8917A8D}
		{2EC7BBE7-3D3C-421D-9683-901E3FE26991} = {A48E56CE-AD6E-48DA-82F9-C8F6D8917A8D}
		{3E3DE57A-C91F-4B4D-8DF3-AA5C75DAE150} = {7C9ECEED-A459-48C3-92E0-6668996F9E9D}
		{0A89D78D-AF93-4D5A-B00E-4873A037A2B0} = {7C9ECEED-A459-48C3-92E0-6668996F9E9D}
		{6940AB67-2520-4646-85EE-17530C1C80B7} = {7C9ECEED-A459-48C3-92E0-6668996F9E9D}
	EndGlobalSection
	GlobalSection(ExtensibilityGlobals) = postSolution
		SolutionGuid = {08580ED7-488C-45AC-82C8-E452895FCBAC}
	EndGlobalSection
EndGlobal
